// !$*UTF8*$!
{
	archiveVersion = 1;
	classes = {
	};
	objectVersion = 55;
	objects = {

/* Begin PBXBuildFile section */
		443CDAF8283BF308001812EF /* main.m in Sources */ = {isa = PBXBuildFile; fileRef = 443CDAF7283BF308001812EF /* main.m */; };
		443CDB01283BF704001812EF /* libEndpointSecurity.tbd in Frameworks */ = {isa = PBXBuildFile; fileRef = 443CDB00283BF704001812EF /* libEndpointSecurity.tbd */; };
		443CDB03283BF70B001812EF /* libbsm.tbd in Frameworks */ = {isa = PBXBuildFile; fileRef = 443CDB02283BF70B001812EF /* libbsm.tbd */; };
		44CCC06D28416D1A00627A2E /* esf_notify_handler.m in Sources */ = {isa = PBXBuildFile; fileRef = 44CCC06C28416D1A00627A2E /* esf_notify_handler.m */; };
		44CCC07028416F2A00627A2E /* esf_auth_handler.m in Sources */ = {isa = PBXBuildFile; fileRef = 44CCC06F28416F2A00627A2E /* esf_auth_handler.m */; };
/* End PBXBuildFile section */

/* Begin PBXCopyFilesBuildPhase section */
		443CDAF2283BF308001812EF /* CopyFiles */ = {
			isa = PBXCopyFilesBuildPhase;
			buildActionMask = 2147483647;
			dstPath = /usr/share/man/man1/;
			dstSubfolderSpec = 0;
			files = (
			);
			runOnlyForDeploymentPostprocessing = 1;
		};
/* End PBXCopyFilesBuildPhase section */

/* Begin PBXFileReference section */
		443CDAF4283BF308001812EF /* watcher */ = {isa = PBXFileReference; explicitFileType = "compiled.mach-o.executable"; includeInIndex = 0; path = watcher; sourceTree = BUILT_PRODUCTS_DIR; };
		443CDAF7283BF308001812EF /* main.m */ = {isa = PBXFileReference; lastKnownFileType = sourcecode.c.objc; path = main.m; sourceTree = "<group>"; };
		443CDAFE283BF32F001812EF /* watcher.entitlements */ = {isa = PBXFileReference; lastKnownFileType = text.plist.entitlements; path = watcher.entitlements; sourceTree = "<group>"; };
		443CDB00283BF704001812EF /* libEndpointSecurity.tbd */ = {isa = PBXFileReference; lastKnownFileType = "sourcecode.text-based-dylib-definition"; name = libEndpointSecurity.tbd; path = usr/lib/libEndpointSecurity.tbd; sourceTree = SDKROOT; };
		443CDB02283BF70B001812EF /* libbsm.tbd */ = {isa = PBXFileReference; lastKnownFileType = "sourcecode.text-based-dylib-definition"; name = libbsm.tbd; path = usr/lib/libbsm.tbd; sourceTree = SDKROOT; };
		44CCC06C28416D1A00627A2E /* esf_notify_handler.m */ = {isa = PBXFileReference; lastKnownFileType = sourcecode.c.objc; path = esf_notify_handler.m; sourceTree = "<group>"; };
		44CCC06E28416D2800627A2E /* esf_notify_handler.h */ = {isa = PBXFileReference; lastKnownFileType = sourcecode.c.h; path = esf_notify_handler.h; sourceTree = "<group>"; };
		44CCC06F28416F2A00627A2E /* esf_auth_handler.m */ = {isa = PBXFileReference; lastKnownFileType = sourcecode.c.objc; path = esf_auth_handler.m; sourceTree = "<group>"; };
		44CCC07128416F3D00627A2E /* esf_auth_handler.h */ = {isa = PBXFileReference; lastKnownFileType = sourcecode.c.h; path = esf_auth_handler.h; sourceTree = "<group>"; };
/* End PBXFileReference section */

/* Begin PBXFrameworksBuildPhase section */
		443CDAF1283BF308001812EF /* Frameworks */ = {
			isa = PBXFrameworksBuildPhase;
			buildActionMask = 2147483647;
			files = (
				443CDB03283BF70B001812EF /* libbsm.tbd in Frameworks */,
				443CDB01283BF704001812EF /* libEndpointSecurity.tbd in Frameworks */,
			);
			runOnlyForDeploymentPostprocessing = 0;
		};
/* End PBXFrameworksBuildPhase section */

/* Begin PBXGroup section */
		443CDAEB283BF308001812EF = {
			isa = PBXGroup;
			children = (
				443CDAF6283BF308001812EF /* watcher */,
				443CDAF5283BF308001812EF /* Products */,
				443CDAFF283BF704001812EF /* Frameworks */,
			);
			sourceTree = "<group>";
		};
		443CDAF5283BF308001812EF /* Products */ = {
			isa = PBXGroup;
			children = (
				443CDAF4283BF308001812EF /* watcher */,
			);
			name = Products;
			sourceTree = "<group>";
		};
		443CDAF6283BF308001812EF /* watcher */ = {
			isa = PBXGroup;
			children = (
				443CDAF7283BF308001812EF /* main.m */,
				443CDAFE283BF32F001812EF /* watcher.entitlements */,
				44CCC06C28416D1A00627A2E /* esf_notify_handler.m */,
				44CCC06E28416D2800627A2E /* esf_notify_handler.h */,
				44CCC06F28416F2A00627A2E /* esf_auth_handler.m */,
				44CCC07128416F3D00627A2E /* esf_auth_handler.h */,
			);
			path = watcher;
			sourceTree = "<group>";
		};
		443CDAFF283BF704001812EF /* Frameworks */ = {
			isa = PBXGroup;
			children = (
				443CDB02283BF70B001812EF /* libbsm.tbd */,
				443CDB00283BF704001812EF /* libEndpointSecurity.tbd */,
			);
			name = Frameworks;
			sourceTree = "<group>";
		};
/* End PBXGroup section */

/* Begin PBXNativeTarget section */
		443CDAF3283BF308001812EF /* watcher */ = {
			isa = PBXNativeTarget;
			buildConfigurationList = 443CDAFB283BF308001812EF /* Build configuration list for PBXNativeTarget "watcher" */;
			buildPhases = (
				443CDAF0283BF308001812EF /* Sources */,
				443CDAF1283BF308001812EF /* Frameworks */,
				443CDAF2283BF308001812EF /* CopyFiles */,
			);
			buildRules = (
			);
			dependencies = (
			);
			name = watcher;
			productName = watcher;
			productReference = 443CDAF4283BF308001812EF /* watcher */;
			productType = "com.apple.product-type.tool";
		};
/* End PBXNativeTarget section */

/* Begin PBXProject section */
		443CDAEC283BF308001812EF /* Project object */ = {
			isa = PBXProject;
			attributes = {
				BuildIndependentTargetsInParallel = 1;
				LastUpgradeCheck = 1330;
				TargetAttributes = {
					443CDAF3283BF308001812EF = {
						CreatedOnToolsVersion = 13.3.1;
					};
				};
			};
			buildConfigurationList = 443CDAEF283BF308001812EF /* Build configuration list for PBXProject "watcher" */;
			compatibilityVersion = "Xcode 13.0";
			developmentRegion = en;
			hasScannedForEncodings = 0;
			knownRegions = (
				en,
				Base,
			);
			mainGroup = 443CDAEB283BF308001812EF;
			productRefGroup = 443CDAF5283BF308001812EF /* Products */;
			projectDirPath = "";
			projectRoot = "";
			targets = (
				443CDAF3283BF308001812EF /* watcher */,
			);
		};
/* End PBXProject section */

/* Begin PBXSourcesBuildPhase section */
		443CDAF0283BF308001812EF /* Sources */ = {
			isa = PBXSourcesBuildPhase;
			buildActionMask = 2147483647;
			files = (
				44CCC06D28416D1A00627A2E /* esf_notify_handler.m in Sources */,
				44CCC07028416F2A00627A2E /* esf_auth_handler.m in Sources */,
				443CDAF8283BF308001812EF /* main.m in Sources */,
			);
			runOnlyForDeploymentPostprocessing = 0;
		};
/* End PBXSourcesBuildPhase section */

/* Begin XCBuildConfiguration section */
		443CDAF9283BF308001812EF /* Debug */ = {
			isa = XCBuildConfiguration;
			buildSettings = {
				ALWAYS_SEARCH_USER_PATHS = NO;
				CLANG_ANALYZER_NONNULL = YES;
				CLANG_ANALYZER_NUMBER_OBJECT_CONVERSION = YES_AGGRESSIVE;
				CLANG_CXX_LANGUAGE_STANDARD = "gnu++17";
				CLANG_ENABLE_MODULES = YES;
				CLANG_ENABLE_OBJC_ARC = YES;
				CLANG_ENABLE_OBJC_WEAK = YES;
				CLANG_WARN_BLOCK_CAPTURE_AUTORELEASING = YES;
				CLANG_WARN_BOOL_CONVERSION = YES;
				CLANG_WARN_COMMA = YES;
				CLANG_WARN_CONSTANT_CONVERSION = YES;
				CLANG_WARN_DEPRECATED_OBJC_IMPLEMENTATIONS = YES;
				CLANG_WARN_DIRECT_OBJC_ISA_USAGE = YES_ERROR;
				CLANG_WARN_DOCUMENTATION_COMMENTS = YES;
				CLANG_WARN_EMPTY_BODY = YES;
				CLANG_WARN_ENUM_CONVERSION = YES;
				CLANG_WARN_INFINITE_RECURSION = YES;
				CLANG_WARN_INT_CONVERSION = YES;
				CLANG_WARN_NON_LITERAL_NULL_CONVERSION = YES;
				CLANG_WARN_OBJC_IMPLICIT_RETAIN_SELF = YES;
				CLANG_WARN_OBJC_LITERAL_CONVERSION = YES;
				CLANG_WARN_OBJC_ROOT_CLASS = YES_ERROR;
				CLANG_WARN_QUOTED_INCLUDE_IN_FRAMEWORK_HEADER = YES;
				CLANG_WARN_RANGE_LOOP_ANALYSIS = YES;
				CLANG_WARN_STRICT_PROTOTYPES = YES;
				CLANG_WARN_SUSPICIOUS_MOVE = YES;
				CLANG_WARN_UNGUARDED_AVAILABILITY = YES_AGGRESSIVE;
				CLANG_WARN_UNREACHABLE_CODE = YES;
				CLANG_WARN__DUPLICATE_METHOD_MATCH = YES;
				COPY_PHASE_STRIP = NO;
				DEBUG_INFORMATION_FORMAT = dwarf;
				ENABLE_STRICT_OBJC_MSGSEND = YES;
				ENABLE_TESTABILITY = YES;
				GCC_C_LANGUAGE_STANDARD = gnu11;
				GCC_DYNAMIC_NO_PIC = NO;
				GCC_NO_COMMON_BLOCKS = YES;
				GCC_OPTIMIZATION_LEVEL = 0;
				GCC_PREPROCESSOR_DEFINITIONS = (
					"DEBUG=1",
					"$(inherited)",
				);
				GCC_WARN_64_TO_32_BIT_CONVERSION = YES;
				GCC_WARN_ABOUT_RETURN_TYPE = YES_ERROR;
				GCC_WARN_UNDECLARED_SELECTOR = YES;
				GCC_WARN_UNINITIALIZED_AUTOS = YES_AGGRESSIVE;
				GCC_WARN_UNUSED_FUNCTION = YES;
				GCC_WARN_UNUSED_VARIABLE = YES;
				MACOSX_DEPLOYMENT_TARGET = 12.3;
				MTL_ENABLE_DEBUG_INFO = INCLUDE_SOURCE;
				MTL_FAST_MATH = YES;
				ONLY_ACTIVE_ARCH = YES;
				SDKROOT = macosx;
			};
			name = Debug;
		};
		443CDAFA283BF308001812EF /* Release */ = {
			isa = XCBuildConfiguration;
			buildSettings = {
				ALWAYS_SEARCH_USER_PATHS = NO;
				CLANG_ANALYZER_NONNULL = YES;
				CLANG_ANALYZER_NUMBER_OBJECT_CONVERSION = YES_AGGRESSIVE;
				CLANG_CXX_LANGUAGE_STANDARD = "gnu++17";
				CLANG_ENABLE_MODULES = YES;
				CLANG_ENABLE_OBJC_ARC = YES;
				CLANG_ENABLE_OBJC_WEAK = YES;
				CLANG_WARN_BLOCK_CAPTURE_AUTORELEASING = YES;
				CLANG_WARN_BOOL_CONVERSION = YES;
				CLANG_WARN_COMMA = YES;
				CLANG_WARN_CONSTANT_CONVERSION = YES;
				CLANG_WARN_DEPRECATED_OBJC_IMPLEMENTATIONS = YES;
				CLANG_WARN_DIRECT_OBJC_ISA_USAGE = YES_ERROR;
				CLANG_WARN_DOCUMENTATION_COMMENTS = YES;
				CLANG_WARN_EMPTY_BODY = YES;
				CLANG_WARN_ENUM_CONVERSION = YES;
				CLANG_WARN_INFINITE_RECURSION = YES;
				CLANG_WARN_INT_CONVERSION = YES;
				CLANG_WARN_NON_LITERAL_NULL_CONVERSION = YES;
				CLANG_WARN_OBJC_IMPLICIT_RETAIN_SELF = YES;
				CLANG_WARN_OBJC_LITERAL_CONVERSION = YES;
				CLANG_WARN_OBJC_ROOT_CLASS = YES_ERROR;
				CLANG_WARN_QUOTED_INCLUDE_IN_FRAMEWORK_HEADER = YES;
				CLANG_WARN_RANGE_LOOP_ANALYSIS = YES;
				CLANG_WARN_STRICT_PROTOTYPES = YES;
				CLANG_WARN_SUSPICIOUS_MOVE = YES;
				CLANG_WARN_UNGUARDED_AVAILABILITY = YES_AGGRESSIVE;
				CLANG_WARN_UNREACHABLE_CODE = YES;
				CLANG_WARN__DUPLICATE_METHOD_MATCH = YES;
				COPY_PHASE_STRIP = NO;
				DEBUG_INFORMATION_FORMAT = "dwarf-with-dsym";
				ENABLE_NS_ASSERTIONS = NO;
				ENABLE_STRICT_OBJC_MSGSEND = YES;
				GCC_C_LANGUAGE_STANDARD = gnu11;
				GCC_NO_COMMON_BLOCKS = YES;
				GCC_WARN_64_TO_32_BIT_CONVERSION = YES;
				GCC_WARN_ABOUT_RETURN_TYPE = YES_ERROR;
				GCC_WARN_UNDECLARED_SELECTOR = YES;
				GCC_WARN_UNINITIALIZED_AUTOS = YES_AGGRESSIVE;
				GCC_WARN_UNUSED_FUNCTION = YES;
				GCC_WARN_UNUSED_VARIABLE = YES;
				MACOSX_DEPLOYMENT_TARGET = 12.3;
				MTL_ENABLE_DEBUG_INFO = NO;
				MTL_FAST_MATH = YES;
				SDKROOT = macosx;
			};
			name = Release;
		};
		443CDAFC283BF308001812EF /* Debug */ = {
			isa = XCBuildConfiguration;
			buildSettings = {
				CODE_SIGN_ENTITLEMENTS = watcher/watcher.entitlements;
				CODE_SIGN_STYLE = Automatic;
				DEVELOPMENT_TEAM = W6RB25ZNB7;
				ENABLE_HARDENED_RUNTIME = YES;
				PRODUCT_NAME = "$(TARGET_NAME)";
			};
			name = Debug;
		};
		443CDAFD283BF308001812EF /* Release */ = {
			isa = XCBuildConfiguration;
			buildSettings = {
				CODE_SIGN_ENTITLEMENTS = watcher/watcher.entitlements;
				CODE_SIGN_STYLE = Automatic;
				DEVELOPMENT_TEAM = W6RB25ZNB7;
				ENABLE_HARDENED_RUNTIME = YES;
				PRODUCT_NAME = "$(TARGET_NAME)";
			};
			name = Release;
		};
/* End XCBuildConfiguration section */

/* Begin XCConfigurationList section */
		443CDAEF283BF308001812EF /* Build configuration list for PBXProject "watcher" */ = {
			isa = XCConfigurationList;
			buildConfigurations = (
				443CDAF9283BF308001812EF /* Debug */,
				443CDAFA283BF308001812EF /* Release */,
			);
			defaultConfigurationIsVisible = 0;
			defaultConfigurationName = Release;
		};
		443CDAFB283BF308001812EF /* Build configuration list for PBXNativeTarget "watcher" */ = {
			isa = XCConfigurationList;
			buildConfigurations = (
				443CDAFC283BF308001812EF /* Debug */,
				443CDAFD283BF308001812EF /* Release */,
			);
			defaultConfigurationIsVisible = 0;
			defaultConfigurationName = Release;
		};
/* End XCConfigurationList section */
	};
	rootObject = 443CDAEC283BF308001812EF /* Project object */;
}
